
Microsoft Visual Studio Solution File, Format Version 12.00
# Visual Studio 14
VisualStudioVersion = 14.0.25420.1
MinimumVisualStudioVersion = 10.0.40219.1
Project("{2150E333-8FDC-42A3-9474-1A3956D46DE8}") = "BLL", "BLL", "{E3F07F16-6878-4DB5-B216-2855024F4376}"
EndProject
Project("{2150E333-8FDC-42A3-9474-1A3956D46DE8}") = "DAL", "DAL", "{78FE3E58-43E1-4B65-8A52-3A1B03D41348}"
EndProject
Project("{FAE04EC0-301F-11D3-BF4B-00C04F79EFBC}") = "IRepository", "IRespository\IRepository.csproj", "{FFA22753-8E6D-4B84-B052-DDE7C9F53F31}"
EndProject
Project("{2150E333-8FDC-42A3-9474-1A3956D46DE8}") = "UI", "UI", "{2EE99ECA-8852-4113-8440-CCF4DC361BCB}"
EndProject
Project("{2150E333-8FDC-42A3-9474-1A3956D46DE8}") = "UnitTest", "UnitTest", "{C1542E48-80A8-4FC0-8D39-6C02FA5F2B32}"
EndProject
Project("{FAE04EC0-301F-11D3-BF4B-00C04F79EFBC}") = "IServices", "IServices\IServices.csproj", "{8DD7A700-B6CF-428B-8B2F-34D1C747824D}"
EndProject
Project("{2150E333-8FDC-42A3-9474-1A3956D46DE8}") = "Utility", "Utility", "{013AE0AD-792D-48B7-BC44-D866CF0245D4}"
EndProject
Project("{FAE04EC0-301F-11D3-BF4B-00C04F79EFBC}") = "Utility", "Utility\Utility.csproj", "{5EAE5621-8633-4497-BF39-2DE77084CFBD}"
EndProject
Project("{2150E333-8FDC-42A3-9474-1A3956D46DE8}") = "Lang", "Lang", "{73BC583C-245D-4F80-9424-B815BF6CAEA7}"
EndProject
Project("{FAE04EC0-301F-11D3-BF4B-00C04F79EFBC}") = "DataModels", "DataModels\DataModels.csproj", "{52171033-1EB2-40F3-8639-87B8BEA6DD3C}"
EndProject
Project("{FAE04EC0-301F-11D3-BF4B-00C04F79EFBC}") = "ShaHua", "ShaHua\ShaHua.csproj", "{435E85DC-05B1-4A1A-B1C6-CF9B72828192}"
EndProject
Project("{FAE04EC0-301F-11D3-BF4B-00C04F79EFBC}") = "ShaHua.Tests", "UnitTest\ShaHua.Tests.csproj", "{B2EBA81C-FBF3-4FC0-AC3E-3B8BDB581C89}"
EndProject
Project("{FAE04EC0-301F-11D3-BF4B-00C04F79EFBC}") = "LangPackage", "LangPackage\LangPackage.csproj", "{4D075E69-CDDC-44AC-9EF0-2A46FFABBF71}"
EndProject
Project("{FAE04EC0-301F-11D3-BF4B-00C04F79EFBC}") = "Repository", "Repository\Repository.csproj", "{3BD31614-F36E-4754-BBFE-69C4072BF160}"
EndProject
Project("{FAE04EC0-301F-11D3-BF4B-00C04F79EFBC}") = "Services", "Services\Services.csproj", "{42680C33-2364-4E33-AB67-EB367E4D8C68}"
EndProject
Project("{FAE04EC0-301F-11D3-BF4B-00C04F79EFBC}") = "ViewModels", "ViewModels\ViewModels.csproj", "{A7B66852-CD51-444F-9895-6A52D010FD44}"
EndProject
Global
	GlobalSection(SolutionConfigurationPlatforms) = preSolution
		Debug|Any CPU = Debug|Any CPU
		Release|Any CPU = Release|Any CPU
	EndGlobalSection
	GlobalSection(ProjectConfigurationPlatforms) = postSolution
		{FFA22753-8E6D-4B84-B052-DDE7C9F53F31}.Debug|Any CPU.ActiveCfg = Debug|Any CPU
		{FFA22753-8E6D-4B84-B052-DDE7C9F53F31}.Debug|Any CPU.Build.0 = Debug|Any CPU
		{FFA22753-8E6D-4B84-B052-DDE7C9F53F31}.Release|Any CPU.ActiveCfg = Release|Any CPU
		{FFA22753-8E6D-4B84-B052-DDE7C9F53F31}.Release|Any CPU.Build.0 = Release|Any CPU
		{8DD7A700-B6CF-428B-8B2F-34D1C747824D}.Debug|Any CPU.ActiveCfg = Debug|Any CPU
		{8DD7A700-B6CF-428B-8B2F-34D1C747824D}.Debug|Any CPU.Build.0 = Debug|Any CPU
		{8DD7A700-B6CF-428B-8B2F-34D1C747824D}.Release|Any CPU.ActiveCfg = Release|Any CPU
		{8DD7A700-B6CF-428B-8B2F-34D1C747824D}.Release|Any CPU.Build.0 = Release|Any CPU
		{5EAE5621-8633-4497-BF39-2DE77084CFBD}.Debug|Any CPU.ActiveCfg = Debug|Any CPU
		{5EAE5621-8633-4497-BF39-2DE77084CFBD}.Debug|Any CPU.Build.0 = Debug|Any CPU
		{5EAE5621-8633-4497-BF39-2DE77084CFBD}.Release|Any CPU.ActiveCfg = Release|Any CPU
		{5EAE5621-8633-4497-BF39-2DE77084CFBD}.Release|Any CPU.Build.0 = Release|Any CPU
		{52171033-1EB2-40F3-8639-87B8BEA6DD3C}.Debug|Any CPU.ActiveCfg = Debug|Any CPU
		{52171033-1EB2-40F3-8639-87B8BEA6DD3C}.Debug|Any CPU.Build.0 = Debug|Any CPU
		{52171033-1EB2-40F3-8639-87B8BEA6DD3C}.Release|Any CPU.ActiveCfg = Release|Any CPU
		{52171033-1EB2-40F3-8639-87B8BEA6DD3C}.Release|Any CPU.Build.0 = Release|Any CPU
		{435E85DC-05B1-4A1A-B1C6-CF9B72828192}.Debug|Any CPU.ActiveCfg = Debug|Any CPU
		{435E85DC-05B1-4A1A-B1C6-CF9B72828192}.Debug|Any CPU.Build.0 = Debug|Any CPU
		{435E85DC-05B1-4A1A-B1C6-CF9B72828192}.Release|Any CPU.ActiveCfg = Release|Any CPU
		{435E85DC-05B1-4A1A-B1C6-CF9B72828192}.Release|Any CPU.Build.0 = Release|Any CPU
		{B2EBA81C-FBF3-4FC0-AC3E-3B8BDB581C89}.Debug|Any CPU.ActiveCfg = Debug|Any CPU
		{B2EBA81C-FBF3-4FC0-AC3E-3B8BDB581C89}.Debug|Any CPU.Build.0 = Debug|Any CPU
		{B2EBA81C-FBF3-4FC0-AC3E-3B8BDB581C89}.Release|Any CPU.ActiveCfg = Release|Any CPU
		{B2EBA81C-FBF3-4FC0-AC3E-3B8BDB581C89}.Release|Any CPU.Build.0 = Release|Any CPU
		{4D075E69-CDDC-44AC-9EF0-2A46FFABBF71}.Debug|Any CPU.ActiveCfg = Debug|Any CPU
		{4D075E69-CDDC-44AC-9EF0-2A46FFABBF71}.Debug|Any CPU.Build.0 = Debug|Any CPU
		{4D075E69-CDDC-44AC-9EF0-2A46FFABBF71}.Release|Any CPU.ActiveCfg = Release|Any CPU
		{4D075E69-CDDC-44AC-9EF0-2A46FFABBF71}.Release|Any CPU.Build.0 = Release|Any CPU
		{3BD31614-F36E-4754-BBFE-69C4072BF160}.Debug|Any CPU.ActiveCfg = Debug|Any CPU
		{3BD31614-F36E-4754-BBFE-69C4072BF160}.Debug|Any CPU.Build.0 = Debug|Any CPU
		{3BD31614-F36E-4754-BBFE-69C4072BF160}.Release|Any CPU.ActiveCfg = Release|Any CPU
		{3BD31614-F36E-4754-BBFE-69C4072BF160}.Release|Any CPU.Build.0 = Release|Any CPU
		{42680C33-2364-4E33-AB67-EB367E4D8C68}.Debug|Any CPU.ActiveCfg = Debug|Any CPU
		{42680C33-2364-4E33-AB67-EB367E4D8C68}.Debug|Any CPU.Build.0 = Debug|Any CPU
		{42680C33-2364-4E33-AB67-EB367E4D8C68}.Release|Any CPU.ActiveCfg = Release|Any CPU
		{42680C33-2364-4E33-AB67-EB367E4D8C68}.Release|Any CPU.Build.0 = Release|Any CPU
		{A7B66852-CD51-444F-9895-6A52D010FD44}.Debug|Any CPU.ActiveCfg = Debug|Any CPU
		{A7B66852-CD51-444F-9895-6A52D010FD44}.Debug|Any CPU.Build.0 = Debug|Any CPU
		{A7B66852-CD51-444F-9895-6A52D010FD44}.Release|Any CPU.ActiveCfg = Release|Any CPU
		{A7B66852-CD51-444F-9895-6A52D010FD44}.Release|Any CPU.Build.0 = Release|Any CPU
	EndGlobalSection
	GlobalSection(SolutionProperties) = preSolution
		HideSolutionNode = FALSE
	EndGlobalSection
	GlobalSection(NestedProjects) = preSolution
		{FFA22753-8E6D-4B84-B052-DDE7C9F53F31} = {78FE3E58-43E1-4B65-8A52-3A1B03D41348}
		{8DD7A700-B6CF-428B-8B2F-34D1C747824D} = {E3F07F16-6878-4DB5-B216-2855024F4376}
		{5EAE5621-8633-4497-BF39-2DE77084CFBD} = {013AE0AD-792D-48B7-BC44-D866CF0245D4}
		{52171033-1EB2-40F3-8639-87B8BEA6DD3C} = {78FE3E58-43E1-4B65-8A52-3A1B03D41348}
		{435E85DC-05B1-4A1A-B1C6-CF9B72828192} = {2EE99ECA-8852-4113-8440-CCF4DC361BCB}
		{B2EBA81C-FBF3-4FC0-AC3E-3B8BDB581C89} = {C1542E48-80A8-4FC0-8D39-6C02FA5F2B32}
		{4D075E69-CDDC-44AC-9EF0-2A46FFABBF71} = {73BC583C-245D-4F80-9424-B815BF6CAEA7}
		{3BD31614-F36E-4754-BBFE-69C4072BF160} = {78FE3E58-43E1-4B65-8A52-3A1B03D41348}
		{42680C33-2364-4E33-AB67-EB367E4D8C68} = {E3F07F16-6878-4DB5-B216-2855024F4376}
		{A7B66852-CD51-444F-9895-6A52D010FD44} = {E3F07F16-6878-4DB5-B216-2855024F4376}
	EndGlobalSection
EndGlobal
